
Microsoft Visual Studio Solution File, Format Version 11.00
# Visual Studio 2010
Project("{FAE04EC0-301F-11D3-BF4B-00C04F79EFBC}") = "Assembly-CSharp", "Assembly-CSharp.csproj", "{90E67EFD-7B8B-13D9-28FE-98302DDDBC11}"
EndProject
Project("{FAE04EC0-301F-11D3-BF4B-00C04F79EFBC}") = "Assembly-CSharp-Editor-firstpass", "Assembly-CSharp-Editor-firstpass.csproj", "{47138093-CFB6-C64B-D043-1638E90F722A}"
EndProject
Project("{FAE04EC0-301F-11D3-BF4B-00C04F79EFBC}") = "Assembly-CSharp-Editor", "Assembly-CSharp-Editor.csproj", "{27922E0C-A8AA-BAF2-1C68-C9D28DFC3611}"
EndProject
Global
	GlobalSection(SolutionConfigurationPlatforms) = preSolution
		Debug|Any CPU = Debug|Any CPU
		Release|Any CPU = Release|Any CPU
	EndGlobalSection
	GlobalSection(ProjectConfigurationPlatforms) = postSolution
		{90E67EFD-7B8B-13D9-28FE-98302DDDBC11}.Debug|Any CPU.ActiveCfg = Debug|Any CPU
		{90E67EFD-7B8B-13D9-28FE-98302DDDBC11}.Debug|Any CPU.Build.0 = Debug|Any CPU
		{90E67EFD-7B8B-13D9-28FE-98302DDDBC11}.Release|Any CPU.ActiveCfg = Release|Any CPU
		{90E67EFD-7B8B-13D9-28FE-98302DDDBC11}.Release|Any CPU.Build.0 = Release|Any CPU
		{47138093-CFB6-C64B-D043-1638E90F722A}.Debug|Any CPU.ActiveCfg = Debug|Any CPU
		{47138093-CFB6-C64B-D043-1638E90F722A}.Debug|Any CPU.Build.0 = Debug|Any CPU
		{47138093-CFB6-C64B-D043-1638E90F722A}.Release|Any CPU.ActiveCfg = Release|Any CPU
		{47138093-CFB6-C64B-D043-1638E90F722A}.Release|Any CPU.Build.0 = Release|Any CPU
		{27922E0C-A8AA-BAF2-1C68-C9D28DFC3611}.Debug|Any CPU.ActiveCfg = Debug|Any CPU
		{27922E0C-A8AA-BAF2-1C68-C9D28DFC3611}.Debug|Any CPU.Build.0 = Debug|Any CPU
		{27922E0C-A8AA-BAF2-1C68-C9D28DFC3611}.Release|Any CPU.ActiveCfg = Release|Any CPU
		{27922E0C-A8AA-BAF2-1C68-C9D28DFC3611}.Release|Any CPU.Build.0 = Release|Any CPU
	EndGlobalSection
	GlobalSection(SolutionProperties) = preSolution
		HideSolutionNode = FALSE
	EndGlobalSection
	GlobalSection(MonoDevelopProperties) = preSolution
		StartupItem = Assembly-CSharp.csproj
	EndGlobalSection
EndGlobal
